
Microsoft Visual Studio Solution File, Format Version 12.00
# Visual Studio Version 16
VisualStudioVersion = 16.0.31205.134
MinimumVisualStudioVersion = 10.0.40219.1
Project("{FAE04EC0-301F-11D3-BF4B-00C04F79EFBC}") = "hw6MapFilterFold", "hw6MapFilterFold\hw6MapFilterFold.csproj", "{B613C0DE-5E5B-4D24-9DE9-BB8722368CAA}"
EndProject
Project("{FAE04EC0-301F-11D3-BF4B-00C04F79EFBC}") = "hw6MapFilterFold.Test", "hw6MapFilterFold.Test\hw6MapFilterFold.Test.csproj", "{D7D8280D-1D14-410B-8EDA-18323E4D7EE2}"
EndProject
Global
	GlobalSection(SolutionConfigurationPlatforms) = preSolution
		Debug|Any CPU = Debug|Any CPU
		Release|Any CPU = Release|Any CPU
	EndGlobalSection
	GlobalSection(ProjectConfigurationPlatforms) = postSolution
		{B613C0DE-5E5B-4D24-9DE9-BB8722368CAA}.Debug|Any CPU.ActiveCfg = Debug|Any CPU
		{B613C0DE-5E5B-4D24-9DE9-BB8722368CAA}.Debug|Any CPU.Build.0 = Debug|Any CPU
		{B613C0DE-5E5B-4D24-9DE9-BB8722368CAA}.Release|Any CPU.ActiveCfg = Release|Any CPU
		{B613C0DE-5E5B-4D24-9DE9-BB8722368CAA}.Release|Any CPU.Build.0 = Release|Any CPU
		{D7D8280D-1D14-410B-8EDA-18323E4D7EE2}.Debug|Any CPU.ActiveCfg = Debug|Any CPU
		{D7D8280D-1D14-410B-8EDA-18323E4D7EE2}.Debug|Any CPU.Build.0 = Debug|Any CPU
		{D7D8280D-1D14-410B-8EDA-18323E4D7EE2}.Release|Any CPU.ActiveCfg = Release|Any CPU
		{D7D8280D-1D14-410B-8EDA-18323E4D7EE2}.Release|Any CPU.Build.0 = Release|Any CPU
	EndGlobalSection
	GlobalSection(SolutionProperties) = preSolution
		HideSolutionNode = FALSE
	EndGlobalSection
	GlobalSection(ExtensibilityGlobals) = postSolution
		SolutionGuid = {6165ECF3-80AF-4BE1-8642-7C9A0F30F522}
	EndGlobalSection
EndGlobal
