
Microsoft Visual Studio Solution File, Format Version 12.00
# Visual Studio Version 16
VisualStudioVersion = 16.0.31005.135
MinimumVisualStudioVersion = 10.0.40219.1
Project("{9A19103F-16F7-4668-BE54-9A1E7A4F7556}") = "Hw2Calculator", "hw2Calculator\Hw2Calculator.csproj", "{6910FA32-065A-451E-93C8-D690BA4C486A}"
EndProject
Project("{9A19103F-16F7-4668-BE54-9A1E7A4F7556}") = "hw2Calculator.Test", "hw2Calculator.Test\hw2Calculator.Test.csproj", "{9AB5D195-767E-4A4A-BCC8-66536BBE511F}"
EndProject
Global
	GlobalSection(SolutionConfigurationPlatforms) = preSolution
		Debug|Any CPU = Debug|Any CPU
		Release|Any CPU = Release|Any CPU
	EndGlobalSection
	GlobalSection(ProjectConfigurationPlatforms) = postSolution
		{6910FA32-065A-451E-93C8-D690BA4C486A}.Debug|Any CPU.ActiveCfg = Debug|Any CPU
		{6910FA32-065A-451E-93C8-D690BA4C486A}.Debug|Any CPU.Build.0 = Debug|Any CPU
		{6910FA32-065A-451E-93C8-D690BA4C486A}.Release|Any CPU.ActiveCfg = Release|Any CPU
		{6910FA32-065A-451E-93C8-D690BA4C486A}.Release|Any CPU.Build.0 = Release|Any CPU
		{9AB5D195-767E-4A4A-BCC8-66536BBE511F}.Debug|Any CPU.ActiveCfg = Debug|Any CPU
		{9AB5D195-767E-4A4A-BCC8-66536BBE511F}.Debug|Any CPU.Build.0 = Debug|Any CPU
		{9AB5D195-767E-4A4A-BCC8-66536BBE511F}.Release|Any CPU.ActiveCfg = Release|Any CPU
		{9AB5D195-767E-4A4A-BCC8-66536BBE511F}.Release|Any CPU.Build.0 = Release|Any CPU
	EndGlobalSection
	GlobalSection(SolutionProperties) = preSolution
		HideSolutionNode = FALSE
	EndGlobalSection
	GlobalSection(ExtensibilityGlobals) = postSolution
		SolutionGuid = {851B8E89-996A-4A60-A0E1-8BC3BA05EEFB}
	EndGlobalSection
EndGlobal
