
Microsoft Visual Studio Solution File, Format Version 12.00
# Visual Studio Version 16
VisualStudioVersion = 16.0.31205.134
MinimumVisualStudioVersion = 10.0.40219.1
Project("{FAE04EC0-301F-11D3-BF4B-00C04F79EFBC}") = "Hw7Clock", "Hw7Clock\Hw7Clock.csproj", "{BE310794-D966-4366-BA56-E58D4B9C35EE}"
EndProject
Global
	GlobalSection(SolutionConfigurationPlatforms) = preSolution
		Debug|Any CPU = Debug|Any CPU
		Release|Any CPU = Release|Any CPU
	EndGlobalSection
	GlobalSection(ProjectConfigurationPlatforms) = postSolution
		{BE310794-D966-4366-BA56-E58D4B9C35EE}.Debug|Any CPU.ActiveCfg = Debug|Any CPU
		{BE310794-D966-4366-BA56-E58D4B9C35EE}.Debug|Any CPU.Build.0 = Debug|Any CPU
		{BE310794-D966-4366-BA56-E58D4B9C35EE}.Release|Any CPU.ActiveCfg = Release|Any CPU
		{BE310794-D966-4366-BA56-E58D4B9C35EE}.Release|Any CPU.Build.0 = Release|Any CPU
	EndGlobalSection
	GlobalSection(SolutionProperties) = preSolution
		HideSolutionNode = FALSE
	EndGlobalSection
	GlobalSection(ExtensibilityGlobals) = postSolution
		SolutionGuid = {7FEB7A03-9ACD-40E0-92FC-4202EDF15602}
	EndGlobalSection
EndGlobal
